
Microsoft Visual Studio Solution File, Format Version 12.00
# Visual Studio Version 17
VisualStudioVersion = 17.14.36414.22 d17.14
MinimumVisualStudioVersion = 10.0.40219.1
Project("{FAE04EC0-301F-11D3-BF4B-00C04F79EFBC}") = "MyFirstwindows1", "MyFirstwindows1.csproj", "{90336029-0E26-4359-86B5-1ADE5364E72E}"
EndProject
Global
	GlobalSection(SolutionConfigurationPlatforms) = preSolution
		Debug|Any CPU = Debug|Any CPU
		Release|Any CPU = Release|Any CPU
	EndGlobalSection
	GlobalSection(ProjectConfigurationPlatforms) = postSolution
		{90336029-0E26-4359-86B5-1ADE5364E72E}.Debug|Any CPU.ActiveCfg = Debug|Any CPU
		{90336029-0E26-4359-86B5-1ADE5364E72E}.Debug|Any CPU.Build.0 = Debug|Any CPU
		{90336029-0E26-4359-86B5-1ADE5364E72E}.Release|Any CPU.ActiveCfg = Release|Any CPU
		{90336029-0E26-4359-86B5-1ADE5364E72E}.Release|Any CPU.Build.0 = Release|Any CPU
	EndGlobalSection
	GlobalSection(SolutionProperties) = preSolution
		HideSolutionNode = FALSE
	EndGlobalSection
	GlobalSection(ExtensibilityGlobals) = postSolution
		SolutionGuid = {CB7DF102-6AB3-4D17-A456-62BAB6ED72A3}
	EndGlobalSection
EndGlobal
