
Microsoft Visual Studio Solution File, Format Version 12.00
# Visual Studio Version 17
VisualStudioVersion = 17.14.36414.22 d17.14
MinimumVisualStudioVersion = 10.0.40219.1
Project("{FAE04EC0-301F-11D3-BF4B-00C04F79EFBC}") = "InClassProject6", "InClassProject6.csproj", "{E82AD447-7015-4113-8E1F-ECF499858A46}"
EndProject
Global
	GlobalSection(SolutionConfigurationPlatforms) = preSolution
		Debug|Any CPU = Debug|Any CPU
		Release|Any CPU = Release|Any CPU
	EndGlobalSection
	GlobalSection(ProjectConfigurationPlatforms) = postSolution
		{E82AD447-7015-4113-8E1F-ECF499858A46}.Debug|Any CPU.ActiveCfg = Debug|Any CPU
		{E82AD447-7015-4113-8E1F-ECF499858A46}.Debug|Any CPU.Build.0 = Debug|Any CPU
		{E82AD447-7015-4113-8E1F-ECF499858A46}.Release|Any CPU.ActiveCfg = Release|Any CPU
		{E82AD447-7015-4113-8E1F-ECF499858A46}.Release|Any CPU.Build.0 = Release|Any CPU
	EndGlobalSection
	GlobalSection(SolutionProperties) = preSolution
		HideSolutionNode = FALSE
	EndGlobalSection
	GlobalSection(ExtensibilityGlobals) = postSolution
		SolutionGuid = {AECC02F4-A81D-4A26-8ADB-392009961B67}
	EndGlobalSection
EndGlobal
